
Microsoft Visual Studio Solution File, Format Version 12.00
# Visual Studio Version 17
VisualStudioVersion = 17.2.32630.192
MinimumVisualStudioVersion = 10.0.40219.1
Project("{888888A0-9F3D-457C-B088-3A5042F75D52}") = "Advent1504", "Advent1504.pyproj", "{74807BF5-427D-43D9-9D14-1A6125D0611A}"
EndProject
Global
	GlobalSection(SolutionConfigurationPlatforms) = preSolution
		Debug|Any CPU = Debug|Any CPU
		Release|Any CPU = Release|Any CPU
	EndGlobalSection
	GlobalSection(ProjectConfigurationPlatforms) = postSolution
		{74807BF5-427D-43D9-9D14-1A6125D0611A}.Debug|Any CPU.ActiveCfg = Debug|Any CPU
		{74807BF5-427D-43D9-9D14-1A6125D0611A}.Release|Any CPU.ActiveCfg = Release|Any CPU
	EndGlobalSection
	GlobalSection(SolutionProperties) = preSolution
		HideSolutionNode = FALSE
	EndGlobalSection
	GlobalSection(ExtensibilityGlobals) = postSolution
		SolutionGuid = {384A31FC-264A-462C-8E80-89AF2A6E3275}
	EndGlobalSection
EndGlobal
