
Microsoft Visual Studio Solution File, Format Version 12.00
# Visual Studio Version 17
VisualStudioVersion = 17.2.32630.192
MinimumVisualStudioVersion = 10.0.40219.1
Project("{888888A0-9F3D-457C-B088-3A5042F75D52}") = "Advent1503", "Advent1503.pyproj", "{69DC6FF5-D02A-4F65-952A-A4734B1EEB37}"
EndProject
Global
	GlobalSection(SolutionConfigurationPlatforms) = preSolution
		Debug|Any CPU = Debug|Any CPU
		Release|Any CPU = Release|Any CPU
	EndGlobalSection
	GlobalSection(ProjectConfigurationPlatforms) = postSolution
		{69DC6FF5-D02A-4F65-952A-A4734B1EEB37}.Debug|Any CPU.ActiveCfg = Debug|Any CPU
		{69DC6FF5-D02A-4F65-952A-A4734B1EEB37}.Release|Any CPU.ActiveCfg = Release|Any CPU
	EndGlobalSection
	GlobalSection(SolutionProperties) = preSolution
		HideSolutionNode = FALSE
	EndGlobalSection
	GlobalSection(ExtensibilityGlobals) = postSolution
		SolutionGuid = {ABB4DB62-2D9E-4064-8A90-5934C21A25DF}
	EndGlobalSection
EndGlobal
