
Microsoft Visual Studio Solution File, Format Version 12.00
# Visual Studio Version 17
VisualStudioVersion = 17.3.32804.467
MinimumVisualStudioVersion = 10.0.40219.1
Project("{888888A0-9F3D-457C-B088-3A5042F75D52}") = "Advent1517", "Advent1517.pyproj", "{A6785884-31B1-44D0-B9A5-2C7FC9BB43AB}"
EndProject
Global
	GlobalSection(SolutionConfigurationPlatforms) = preSolution
		Debug|Any CPU = Debug|Any CPU
		Release|Any CPU = Release|Any CPU
	EndGlobalSection
	GlobalSection(ProjectConfigurationPlatforms) = postSolution
		{A6785884-31B1-44D0-B9A5-2C7FC9BB43AB}.Debug|Any CPU.ActiveCfg = Debug|Any CPU
		{A6785884-31B1-44D0-B9A5-2C7FC9BB43AB}.Release|Any CPU.ActiveCfg = Release|Any CPU
	EndGlobalSection
	GlobalSection(SolutionProperties) = preSolution
		HideSolutionNode = FALSE
	EndGlobalSection
	GlobalSection(ExtensibilityGlobals) = postSolution
		SolutionGuid = {2D47C003-FC24-4391-91C5-AB4148BC2D88}
	EndGlobalSection
EndGlobal
