
Microsoft Visual Studio Solution File, Format Version 12.00
# Visual Studio Version 17
VisualStudioVersion = 17.2.32630.192
MinimumVisualStudioVersion = 10.0.40219.1
Project("{888888A0-9F3D-457C-B088-3A5042F75D52}") = "Advent1505", "Advent1505.pyproj", "{8CFA3097-335A-44D6-BD74-7A2463BD0205}"
EndProject
Global
	GlobalSection(SolutionConfigurationPlatforms) = preSolution
		Debug|Any CPU = Debug|Any CPU
		Release|Any CPU = Release|Any CPU
	EndGlobalSection
	GlobalSection(ProjectConfigurationPlatforms) = postSolution
		{8CFA3097-335A-44D6-BD74-7A2463BD0205}.Debug|Any CPU.ActiveCfg = Debug|Any CPU
		{8CFA3097-335A-44D6-BD74-7A2463BD0205}.Release|Any CPU.ActiveCfg = Release|Any CPU
	EndGlobalSection
	GlobalSection(SolutionProperties) = preSolution
		HideSolutionNode = FALSE
	EndGlobalSection
	GlobalSection(ExtensibilityGlobals) = postSolution
		SolutionGuid = {07D83C51-A458-45FF-8016-75970286BF7D}
	EndGlobalSection
EndGlobal
