
Microsoft Visual Studio Solution File, Format Version 12.00
# Visual Studio Version 17
VisualStudioVersion = 17.2.32630.192
MinimumVisualStudioVersion = 10.0.40219.1
Project("{888888A0-9F3D-457C-B088-3A5042F75D52}") = "Advent1502", "Advent1502.pyproj", "{F87E7C7B-342B-459D-A7EF-39181312F3F2}"
EndProject
Global
	GlobalSection(SolutionConfigurationPlatforms) = preSolution
		Debug|Any CPU = Debug|Any CPU
		Release|Any CPU = Release|Any CPU
	EndGlobalSection
	GlobalSection(ProjectConfigurationPlatforms) = postSolution
		{F87E7C7B-342B-459D-A7EF-39181312F3F2}.Debug|Any CPU.ActiveCfg = Debug|Any CPU
		{F87E7C7B-342B-459D-A7EF-39181312F3F2}.Release|Any CPU.ActiveCfg = Release|Any CPU
	EndGlobalSection
	GlobalSection(SolutionProperties) = preSolution
		HideSolutionNode = FALSE
	EndGlobalSection
	GlobalSection(ExtensibilityGlobals) = postSolution
		SolutionGuid = {1A86EA4B-A1EF-438A-9010-29EDE228F61A}
	EndGlobalSection
EndGlobal
