
Microsoft Visual Studio Solution File, Format Version 12.00
# Visual Studio Version 17
VisualStudioVersion = 17.2.32630.192
MinimumVisualStudioVersion = 10.0.40219.1
Project("{888888A0-9F3D-457C-B088-3A5042F75D52}") = "Advent1507", "Advent1507.pyproj", "{446FFC1A-92F5-43C6-9F3D-973E87D1D330}"
EndProject
Global
	GlobalSection(SolutionConfigurationPlatforms) = preSolution
		Debug|Any CPU = Debug|Any CPU
		Release|Any CPU = Release|Any CPU
	EndGlobalSection
	GlobalSection(ProjectConfigurationPlatforms) = postSolution
		{446FFC1A-92F5-43C6-9F3D-973E87D1D330}.Debug|Any CPU.ActiveCfg = Debug|Any CPU
		{446FFC1A-92F5-43C6-9F3D-973E87D1D330}.Release|Any CPU.ActiveCfg = Release|Any CPU
	EndGlobalSection
	GlobalSection(SolutionProperties) = preSolution
		HideSolutionNode = FALSE
	EndGlobalSection
	GlobalSection(ExtensibilityGlobals) = postSolution
		SolutionGuid = {59472FC4-1953-4C55-B5AC-54A816C8727E}
	EndGlobalSection
EndGlobal
