
Microsoft Visual Studio Solution File, Format Version 12.00
# Visual Studio Version 17
VisualStudioVersion = 17.3.32804.467
MinimumVisualStudioVersion = 10.0.40219.1
Project("{888888A0-9F3D-457C-B088-3A5042F75D52}") = "Advent1514", "Advent1514.pyproj", "{A26A4289-00A5-4D60-95DF-10FF0D972FBF}"
EndProject
Global
	GlobalSection(SolutionConfigurationPlatforms) = preSolution
		Debug|Any CPU = Debug|Any CPU
		Release|Any CPU = Release|Any CPU
	EndGlobalSection
	GlobalSection(ProjectConfigurationPlatforms) = postSolution
		{A26A4289-00A5-4D60-95DF-10FF0D972FBF}.Debug|Any CPU.ActiveCfg = Debug|Any CPU
		{A26A4289-00A5-4D60-95DF-10FF0D972FBF}.Release|Any CPU.ActiveCfg = Release|Any CPU
	EndGlobalSection
	GlobalSection(SolutionProperties) = preSolution
		HideSolutionNode = FALSE
	EndGlobalSection
	GlobalSection(ExtensibilityGlobals) = postSolution
		SolutionGuid = {EB9AA40A-82BE-4205-ABAB-42570C9D7753}
	EndGlobalSection
EndGlobal
