
Microsoft Visual Studio Solution File, Format Version 12.00
# Visual Studio Version 17
VisualStudioVersion = 17.3.32804.467
MinimumVisualStudioVersion = 10.0.40219.1
Project("{888888A0-9F3D-457C-B088-3A5042F75D52}") = "Advent1516", "Advent1516.pyproj", "{5AE11B08-8F36-4D96-A3A4-DB59E2838F04}"
EndProject
Global
	GlobalSection(SolutionConfigurationPlatforms) = preSolution
		Debug|Any CPU = Debug|Any CPU
		Release|Any CPU = Release|Any CPU
	EndGlobalSection
	GlobalSection(ProjectConfigurationPlatforms) = postSolution
		{5AE11B08-8F36-4D96-A3A4-DB59E2838F04}.Debug|Any CPU.ActiveCfg = Debug|Any CPU
		{5AE11B08-8F36-4D96-A3A4-DB59E2838F04}.Release|Any CPU.ActiveCfg = Release|Any CPU
	EndGlobalSection
	GlobalSection(SolutionProperties) = preSolution
		HideSolutionNode = FALSE
	EndGlobalSection
	GlobalSection(ExtensibilityGlobals) = postSolution
		SolutionGuid = {982A94B8-0D8C-4FF1-85A4-6ADD68278DED}
	EndGlobalSection
EndGlobal
